
Microsoft Visual Studio Solution File, Format Version 10.00
# Visual Studio 2008
Project("{FAE04EC0-301F-11D3-BF4B-00C04F79EFBC}") = "fotocopy", "fotocopy\fotocopy.csproj", "{C3902421-4F25-4C86-B7A3-441C0AA8ACC3}"
EndProject
Project("{FAE04EC0-301F-11D3-BF4B-00C04F79EFBC}") = "TestProject1", "TestProject1\TestProject1.csproj", "{4B8A68E4-024A-4D5F-9E30-1B5267E79B16}"
EndProject
Project("{2150E333-8FDC-42A3-9474-1A3956D46DE8}") = "Solution Items", "Solution Items", "{956A3266-BF39-4470-A4CF-F31C1F831547}"
	ProjectSection(SolutionItems) = preProject
		fotocopy.vsmdi = fotocopy.vsmdi
		fotocopy1.vsmdi = fotocopy1.vsmdi
		LocalTestRun.testrunconfig = LocalTestRun.testrunconfig
	EndProjectSection
EndProject
Global
	GlobalSection(TestCaseManagementSettings) = postSolution
		CategoryFile = fotocopy1.vsmdi
	EndGlobalSection
	GlobalSection(SolutionConfigurationPlatforms) = preSolution
		Debug|Any CPU = Debug|Any CPU
		Release|Any CPU = Release|Any CPU
	EndGlobalSection
	GlobalSection(ProjectConfigurationPlatforms) = postSolution
		{C3902421-4F25-4C86-B7A3-441C0AA8ACC3}.Debug|Any CPU.ActiveCfg = Debug|Any CPU
		{C3902421-4F25-4C86-B7A3-441C0AA8ACC3}.Debug|Any CPU.Build.0 = Debug|Any CPU
		{C3902421-4F25-4C86-B7A3-441C0AA8ACC3}.Release|Any CPU.ActiveCfg = Release|Any CPU
		{C3902421-4F25-4C86-B7A3-441C0AA8ACC3}.Release|Any CPU.Build.0 = Release|Any CPU
		{4B8A68E4-024A-4D5F-9E30-1B5267E79B16}.Debug|Any CPU.ActiveCfg = Debug|Any CPU
		{4B8A68E4-024A-4D5F-9E30-1B5267E79B16}.Debug|Any CPU.Build.0 = Debug|Any CPU
		{4B8A68E4-024A-4D5F-9E30-1B5267E79B16}.Release|Any CPU.ActiveCfg = Release|Any CPU
		{4B8A68E4-024A-4D5F-9E30-1B5267E79B16}.Release|Any CPU.Build.0 = Release|Any CPU
	EndGlobalSection
	GlobalSection(SolutionProperties) = preSolution
		HideSolutionNode = FALSE
	EndGlobalSection
EndGlobal
